
Microsoft Visual Studio Solution File, Format Version 12.00
# Visual Studio Version 16
VisualStudioVersion = 16.0.30621.155
MinimumVisualStudioVersion = 10.0.40219.1
Project("{FAE04EC0-301F-11D3-BF4B-00C04F79EFBC}") = "ConsolidaArquivos", "ConsolidaArquivos\ConsolidaArquivos.csproj", "{B727C3DA-1A23-4DC5-9A56-E908D1837F04}"
EndProject
Global
	GlobalSection(SolutionConfigurationPlatforms) = preSolution
		Debug|Any CPU = Debug|Any CPU
		Release|Any CPU = Release|Any CPU
	EndGlobalSection
	GlobalSection(ProjectConfigurationPlatforms) = postSolution
		{B727C3DA-1A23-4DC5-9A56-E908D1837F04}.Debug|Any CPU.ActiveCfg = Debug|Any CPU
		{B727C3DA-1A23-4DC5-9A56-E908D1837F04}.Debug|Any CPU.Build.0 = Debug|Any CPU
		{B727C3DA-1A23-4DC5-9A56-E908D1837F04}.Release|Any CPU.ActiveCfg = Release|Any CPU
		{B727C3DA-1A23-4DC5-9A56-E908D1837F04}.Release|Any CPU.Build.0 = Release|Any CPU
	EndGlobalSection
	GlobalSection(SolutionProperties) = preSolution
		HideSolutionNode = FALSE
	EndGlobalSection
	GlobalSection(ExtensibilityGlobals) = postSolution
		SolutionGuid = {F5A6546F-BAAE-45C8-BBD9-394A2D079835}
	EndGlobalSection
EndGlobal
